// !$*UTF8*$!
{
	archiveVersion = 1;
	classes = {
	};
	objectVersion = 46;
	objects = {

/* Begin PBXBuildFile section */
		00748058165D41390024B57A /* assets in Resources */ = {isa = PBXBuildFile; fileRef = 00748057165D41390024B57A /* assets */; };
		0087D25512CD809F002CD69F /* CoreText.framework in Frameworks */ = {isa = PBXBuildFile; fileRef = 0087D25412CD809F002CD69F /* CoreText.framework */; };
		00A66A361965AC8800B17EB3 /* Accelerate.framework in Frameworks */ = {isa = PBXBuildFile; fileRef = 00A66A351965AC8800B17EB3 /* Accelerate.framework */; };
		00CFDF6B1138442D0091E310 /* CoreGraphics.framework in Frameworks */ = {isa = PBXBuildFile; fileRef = 00CFDF6A1138442D0091E310 /* CoreGraphics.framework */; };
		15A3248D1B21E8F0003D5C01 /* CoreMotion.framework in Frameworks */ = {isa = PBXBuildFile; fileRef = 15A3248C1B21E8F0003D5C01 /* CoreMotion.framework */; };
		15BC10B21B222953005512DE /* LandscapeGeometry.cpp in Sources */ = {isa = PBXBuildFile; fileRef = 15BC10B11B222953005512DE /* LandscapeGeometry.cpp */; };
		15C5E7501B1F4ABE006DDD4C /* GridTexture.cpp in Sources */ = {isa = PBXBuildFile; fileRef = 15C5E74F1B1F4ABE006DDD4C /* GridTexture.cpp */; };
		15C5E7561B1F6661006DDD4C /* Landscape.cpp in Sources */ = {isa = PBXBuildFile; fileRef = 15C5E7541B1F6661006DDD4C /* Landscape.cpp */; };
		1D60589F0D05DD5A006BFB54 /* Foundation.framework in Frameworks */ = {isa = PBXBuildFile; fileRef = 1D30AB110D05D00D00671497 /* Foundation.framework */; };
		1DF5F4E00D08C38300B7A737 /* UIKit.framework in Frameworks */ = {isa = PBXBuildFile; fileRef = 1DF5F4DF0D08C38300B7A737 /* UIKit.framework */; };
		28FD15000DC6FC520079059D /* OpenGLES.framework in Frameworks */ = {isa = PBXBuildFile; fileRef = 28FD14FF0DC6FC520079059D /* OpenGLES.framework */; };
		28FD15080DC6FC5B0079059D /* QuartzCore.framework in Frameworks */ = {isa = PBXBuildFile; fileRef = 28FD15070DC6FC5B0079059D /* QuartzCore.framework */; };
		39466A7302D74F5AA4370328 /* CinderApp_ios.png in Resources */ = {isa = PBXBuildFile; fileRef = 9B76AEAECC3E42FF8F471BE3 /* CinderApp_ios.png */; };
		5A08A047CCFD4076AC741865 /* Images.xcassets in Resources */ = {isa = PBXBuildFile; fileRef = 596B3B8B6EB34FEB964C6A3E /* Images.xcassets */; };
		9C2C99F71B726B7800AC9EEB /* SelfieExperience.cpp in Sources */ = {isa = PBXBuildFile; fileRef = 9C2C99F51B726B7800AC9EEB /* SelfieExperience.cpp */; };
		9C3EEFB71B8B8A77001FEC7F /* Images.xcassets in Resources */ = {isa = PBXBuildFile; fileRef = 9C3EEFB61B8B8A77001FEC7F /* Images.xcassets */; };
		9C4355481B274F0700F5FECF /* IntroSequence.cpp in Sources */ = {isa = PBXBuildFile; fileRef = 9C4355461B274F0700F5FECF /* IntroSequence.cpp */; };
		9C63E5BF1B28BA25003617E1 /* AboutPage.cpp in Sources */ = {isa = PBXBuildFile; fileRef = 9C63E5BD1B28BA25003617E1 /* AboutPage.cpp */; };
		9C63E5C21B28C097003617E1 /* Image.cpp in Sources */ = {isa = PBXBuildFile; fileRef = 9C63E5C01B28C097003617E1 /* Image.cpp */; };
		9C63E5C51B28CEB9003617E1 /* TouchArea.cpp in Sources */ = {isa = PBXBuildFile; fileRef = 9C63E5C31B28CEB9003617E1 /* TouchArea.cpp */; };
		9C9E93991B8B57B600390404 /* Cue.cpp in Sources */ = {isa = PBXBuildFile; fileRef = 9C9E937E1B8B57B600390404 /* Cue.cpp */; };
		9C9E939A1B8B57B600390404 /* MotionGroup.cpp in Sources */ = {isa = PBXBuildFile; fileRef = 9C9E93851B8B57B600390404 /* MotionGroup.cpp */; };
		9C9E939B1B8B57B600390404 /* Timeline.cpp in Sources */ = {isa = PBXBuildFile; fileRef = 9C9E93931B8B57B600390404 /* Timeline.cpp */; };
		9C9E939C1B8B57B600390404 /* TimelineItem.cpp in Sources */ = {isa = PBXBuildFile; fileRef = 9C9E93951B8B57B600390404 /* TimelineItem.cpp */; };
		9C9E93A61B8B585000390404 /* MotionImplCoreMotion.mm in Sources */ = {isa = PBXBuildFile; fileRef = 9C9E93A21B8B585000390404 /* MotionImplCoreMotion.mm */; };
		9C9E93A71B8B585000390404 /* MotionManager.cpp in Sources */ = {isa = PBXBuildFile; fileRef = 9C9E93A31B8B585000390404 /* MotionManager.cpp */; };
		9C9E93AA1B8B59BE00390404 /* SharedTimeline.cpp in Sources */ = {isa = PBXBuildFile; fileRef = 9C9E93A81B8B59BE00390404 /* SharedTimeline.cpp */; };
		9CCA5F751B87A5F2003E1BB5 /* Flash.cpp in Sources */ = {isa = PBXBuildFile; fileRef = 9CCA5F731B87A5F2003E1BB5 /* Flash.cpp */; };
		9CCA5F781B87AA71003E1BB5 /* TapHandler.cpp in Sources */ = {isa = PBXBuildFile; fileRef = 9CCA5F761B87AA71003E1BB5 /* TapHandler.cpp */; };
		C725DFFE121DAC7F00FA186B /* CoreMedia.framework in Frameworks */ = {isa = PBXBuildFile; fileRef = C727C02B121B400300192073 /* CoreMedia.framework */; settings = {ATTRIBUTES = (Weak, ); }; };
		C725E001121DAC8F00FA186B /* AVFoundation.framework in Frameworks */ = {isa = PBXBuildFile; fileRef = C725E000121DAC8F00FA186B /* AVFoundation.framework */; settings = {ATTRIBUTES = (Weak, ); }; };
		C725E001121DAC8FFFFA18FF /* ImageIO.framework in Frameworks */ = {isa = PBXBuildFile; fileRef = 00CFDF6A1138442D0091FFFF /* ImageIO.framework */; };
		C727C02E121B400300192073 /* CoreVideo.framework in Frameworks */ = {isa = PBXBuildFile; fileRef = C727C02D121B400300192073 /* CoreVideo.framework */; settings = {ATTRIBUTES = (Weak, ); }; };
		C7FB19D6124BC0D70045AFD2 /* AudioToolbox.framework in Frameworks */ = {isa = PBXBuildFile; fileRef = C7FB19D5124BC0D70045AFD2 /* AudioToolbox.framework */; };
		D46A70E835B24A7CA21E9B83 /* SelfieSelfieApp.cpp in Sources */ = {isa = PBXBuildFile; fileRef = DF7A1E02E14346888F86A1A3 /* SelfieSelfieApp.cpp */; };
		DDDDE001121DAC8FFFFADDDD /* MobileCoreServices.framework in Frameworks */ = {isa = PBXBuildFile; fileRef = DDDDDF6A1138442D0091DDDD /* MobileCoreServices.framework */; };
/* End PBXBuildFile section */

/* Begin PBXFileReference section */
		00692BCF14FF149000D0A05E /* SelfieSelfie.app */ = {isa = PBXFileReference; explicitFileType = wrapper.application; includeInIndex = 0; path = SelfieSelfie.app; sourceTree = BUILT_PRODUCTS_DIR; };
		00748057165D41390024B57A /* assets */ = {isa = PBXFileReference; lastKnownFileType = folder; name = assets; path = ../assets; sourceTree = "<group>"; };
		0087D25412CD809F002CD69F /* CoreText.framework */ = {isa = PBXFileReference; lastKnownFileType = wrapper.framework; name = CoreText.framework; path = System/Library/Frameworks/CoreText.framework; sourceTree = SDKROOT; };
		00A66A351965AC8800B17EB3 /* Accelerate.framework */ = {isa = PBXFileReference; lastKnownFileType = wrapper.framework; name = Accelerate.framework; path = System/Library/Frameworks/Accelerate.framework; sourceTree = SDKROOT; };
		00CFDF6A1138442D0091E310 /* CoreGraphics.framework */ = {isa = PBXFileReference; lastKnownFileType = wrapper.framework; name = CoreGraphics.framework; path = System/Library/Frameworks/CoreGraphics.framework; sourceTree = SDKROOT; };
		00CFDF6A1138442D0091FFFF /* ImageIO.framework */ = {isa = PBXFileReference; lastKnownFileType = wrapper.framework; name = ImageIO.framework; path = System/Library/Frameworks/ImageIO.framework; sourceTree = SDKROOT; };
		116D4117D7BB4DF187954F09 /* Info.plist */ = {isa = PBXFileReference; lastKnownFileType = text.plist.xml; path = Info.plist; sourceTree = "<group>"; };
		15A3248C1B21E8F0003D5C01 /* CoreMotion.framework */ = {isa = PBXFileReference; lastKnownFileType = wrapper.framework; name = CoreMotion.framework; path = System/Library/Frameworks/CoreMotion.framework; sourceTree = SDKROOT; };
		15BC10B01B222953005512DE /* LandscapeGeometry.h */ = {isa = PBXFileReference; fileEncoding = 4; lastKnownFileType = sourcecode.c.h; name = LandscapeGeometry.h; path = ../src/LandscapeGeometry.h; sourceTree = "<group>"; };
		15BC10B11B222953005512DE /* LandscapeGeometry.cpp */ = {isa = PBXFileReference; fileEncoding = 4; lastKnownFileType = sourcecode.cpp.cpp; name = LandscapeGeometry.cpp; path = ../src/LandscapeGeometry.cpp; sourceTree = "<group>"; };
		15C5E74E1B1F4ABE006DDD4C /* GridTexture.h */ = {isa = PBXFileReference; fileEncoding = 4; lastKnownFileType = sourcecode.c.h; name = GridTexture.h; path = ../src/GridTexture.h; sourceTree = "<group>"; };
		15C5E74F1B1F4ABE006DDD4C /* GridTexture.cpp */ = {isa = PBXFileReference; fileEncoding = 4; lastKnownFileType = sourcecode.cpp.cpp; name = GridTexture.cpp; path = ../src/GridTexture.cpp; sourceTree = "<group>"; };
		15C5E7511B1F6661006DDD4C /* Constants.h */ = {isa = PBXFileReference; fileEncoding = 4; lastKnownFileType = sourcecode.c.h; name = Constants.h; path = ../src/Constants.h; sourceTree = "<group>"; };
		15C5E7521B1F6661006DDD4C /* Landscape.h */ = {isa = PBXFileReference; fileEncoding = 4; lastKnownFileType = sourcecode.c.h; name = Landscape.h; path = ../src/Landscape.h; sourceTree = "<group>"; };
		15C5E7541B1F6661006DDD4C /* Landscape.cpp */ = {isa = PBXFileReference; fileEncoding = 4; lastKnownFileType = sourcecode.cpp.cpp; name = Landscape.cpp; path = ../src/Landscape.cpp; sourceTree = "<group>"; };
		1D30AB110D05D00D00671497 /* Foundation.framework */ = {isa = PBXFileReference; lastKnownFileType = wrapper.framework; name = Foundation.framework; path = System/Library/Frameworks/Foundation.framework; sourceTree = SDKROOT; };
		1DF5F4DF0D08C38300B7A737 /* UIKit.framework */ = {isa = PBXFileReference; lastKnownFileType = wrapper.framework; name = UIKit.framework; path = System/Library/Frameworks/UIKit.framework; sourceTree = SDKROOT; };
		28FD14FF0DC6FC520079059D /* OpenGLES.framework */ = {isa = PBXFileReference; lastKnownFileType = wrapper.framework; name = OpenGLES.framework; path = System/Library/Frameworks/OpenGLES.framework; sourceTree = SDKROOT; };
		28FD15070DC6FC5B0079059D /* QuartzCore.framework */ = {isa = PBXFileReference; lastKnownFileType = wrapper.framework; name = QuartzCore.framework; path = System/Library/Frameworks/QuartzCore.framework; sourceTree = SDKROOT; };
		596B3B8B6EB34FEB964C6A3E /* Images.xcassets */ = {isa = PBXFileReference; lastKnownFileType = "\"\""; path = Images.xcassets; sourceTree = "<group>"; };
		9B76AEAECC3E42FF8F471BE3 /* CinderApp_ios.png */ = {isa = PBXFileReference; lastKnownFileType = "\"\""; name = CinderApp_ios.png; path = ../resources/CinderApp_ios.png; sourceTree = "<group>"; };
		9C2C99F51B726B7800AC9EEB /* SelfieExperience.cpp */ = {isa = PBXFileReference; fileEncoding = 4; lastKnownFileType = sourcecode.cpp.cpp; name = SelfieExperience.cpp; path = ../src/SelfieExperience.cpp; sourceTree = "<group>"; };
		9C2C99F61B726B7800AC9EEB /* SelfieExperience.h */ = {isa = PBXFileReference; fileEncoding = 4; lastKnownFileType = sourcecode.c.h; name = SelfieExperience.h; path = ../src/SelfieExperience.h; sourceTree = "<group>"; };
		9C3EEFB61B8B8A77001FEC7F /* Images.xcassets */ = {isa = PBXFileReference; lastKnownFileType = folder.assetcatalog; name = Images.xcassets; path = SelfieSelfie/Images.xcassets; sourceTree = "<group>"; };
		9C4355461B274F0700F5FECF /* IntroSequence.cpp */ = {isa = PBXFileReference; fileEncoding = 4; lastKnownFileType = sourcecode.cpp.cpp; name = IntroSequence.cpp; path = ../src/IntroSequence.cpp; sourceTree = "<group>"; };
		9C4355471B274F0700F5FECF /* IntroSequence.h */ = {isa = PBXFileReference; fileEncoding = 4; lastKnownFileType = sourcecode.c.h; name = IntroSequence.h; path = ../src/IntroSequence.h; sourceTree = "<group>"; };
		9C63E5BD1B28BA25003617E1 /* AboutPage.cpp */ = {isa = PBXFileReference; fileEncoding = 4; lastKnownFileType = sourcecode.cpp.cpp; name = AboutPage.cpp; path = ../src/AboutPage.cpp; sourceTree = "<group>"; };
		9C63E5BE1B28BA25003617E1 /* AboutPage.h */ = {isa = PBXFileReference; fileEncoding = 4; lastKnownFileType = sourcecode.c.h; name = AboutPage.h; path = ../src/AboutPage.h; sourceTree = "<group>"; };
		9C63E5C01B28C097003617E1 /* Image.cpp */ = {isa = PBXFileReference; fileEncoding = 4; lastKnownFileType = sourcecode.cpp.cpp; name = Image.cpp; path = ../src/Image.cpp; sourceTree = "<group>"; };
		9C63E5C11B28C097003617E1 /* Image.h */ = {isa = PBXFileReference; fileEncoding = 4; lastKnownFileType = sourcecode.c.h; name = Image.h; path = ../src/Image.h; sourceTree = "<group>"; };
		9C63E5C31B28CEB9003617E1 /* TouchArea.cpp */ = {isa = PBXFileReference; fileEncoding = 4; lastKnownFileType = sourcecode.cpp.cpp; name = TouchArea.cpp; path = ../src/TouchArea.cpp; sourceTree = "<group>"; };
		9C63E5C41B28CEB9003617E1 /* TouchArea.h */ = {isa = PBXFileReference; fileEncoding = 4; lastKnownFileType = sourcecode.c.h; name = TouchArea.h; path = ../src/TouchArea.h; sourceTree = "<group>"; };
		9C9E937D1B8B57B600390404 /* Choreograph.h */ = {isa = PBXFileReference; fileEncoding = 4; lastKnownFileType = sourcecode.c.h; path = Choreograph.h; sourceTree = "<group>"; };
		9C9E937E1B8B57B600390404 /* Cue.cpp */ = {isa = PBXFileReference; fileEncoding = 4; lastKnownFileType = sourcecode.cpp.cpp; path = Cue.cpp; sourceTree = "<group>"; };
		9C9E937F1B8B57B600390404 /* Cue.h */ = {isa = PBXFileReference; fileEncoding = 4; lastKnownFileType = sourcecode.c.h; path = Cue.h; sourceTree = "<group>"; };
		9C9E93811B8B57B600390404 /* MakeUnique.hpp */ = {isa = PBXFileReference; fileEncoding = 4; lastKnownFileType = sourcecode.cpp.h; path = MakeUnique.hpp; sourceTree = "<group>"; };
		9C9E93821B8B57B600390404 /* VectorManipulation.hpp */ = {isa = PBXFileReference; fileEncoding = 4; lastKnownFileType = sourcecode.cpp.h; path = VectorManipulation.hpp; sourceTree = "<group>"; };
		9C9E93831B8B57B600390404 /* Easing.h */ = {isa = PBXFileReference; fileEncoding = 4; lastKnownFileType = sourcecode.c.h; path = Easing.h; sourceTree = "<group>"; };
		9C9E93841B8B57B600390404 /* Motion.hpp */ = {isa = PBXFileReference; fileEncoding = 4; lastKnownFileType = sourcecode.cpp.h; path = Motion.hpp; sourceTree = "<group>"; };
		9C9E93851B8B57B600390404 /* MotionGroup.cpp */ = {isa = PBXFileReference; fileEncoding = 4; lastKnownFileType = sourcecode.cpp.cpp; path = MotionGroup.cpp; sourceTree = "<group>"; };
		9C9E93861B8B57B600390404 /* MotionGroup.h */ = {isa = PBXFileReference; fileEncoding = 4; lastKnownFileType = sourcecode.c.h; path = MotionGroup.h; sourceTree = "<group>"; };
		9C9E93871B8B57B600390404 /* Output.hpp */ = {isa = PBXFileReference; fileEncoding = 4; lastKnownFileType = sourcecode.cpp.h; path = Output.hpp; sourceTree = "<group>"; };
		9C9E93891B8B57B600390404 /* Combine.hpp */ = {isa = PBXFileReference; fileEncoding = 4; lastKnownFileType = sourcecode.cpp.h; path = Combine.hpp; sourceTree = "<group>"; };
		9C9E938A1B8B57B600390404 /* Hold.hpp */ = {isa = PBXFileReference; fileEncoding = 4; lastKnownFileType = sourcecode.cpp.h; path = Hold.hpp; sourceTree = "<group>"; };
		9C9E938B1B8B57B600390404 /* Procedural.hpp */ = {isa = PBXFileReference; fileEncoding = 4; lastKnownFileType = sourcecode.cpp.h; path = Procedural.hpp; sourceTree = "<group>"; };
		9C9E938C1B8B57B600390404 /* Ramp.hpp */ = {isa = PBXFileReference; fileEncoding = 4; lastKnownFileType = sourcecode.cpp.h; path = Ramp.hpp; sourceTree = "<group>"; };
		9C9E938D1B8B57B600390404 /* Retime.hpp */ = {isa = PBXFileReference; fileEncoding = 4; lastKnownFileType = sourcecode.cpp.h; path = Retime.hpp; sourceTree = "<group>"; };
		9C9E938E1B8B57B600390404 /* Sugar.hpp */ = {isa = PBXFileReference; fileEncoding = 4; lastKnownFileType = sourcecode.cpp.h; path = Sugar.hpp; sourceTree = "<group>"; };
		9C9E938F1B8B57B600390404 /* Phrase.hpp */ = {isa = PBXFileReference; fileEncoding = 4; lastKnownFileType = sourcecode.cpp.h; path = Phrase.hpp; sourceTree = "<group>"; };
		9C9E93901B8B57B600390404 /* Sequence.hpp */ = {isa = PBXFileReference; fileEncoding = 4; lastKnownFileType = sourcecode.cpp.h; path = Sequence.hpp; sourceTree = "<group>"; };
		9C9E93921B8B57B600390404 /* CinderSpecialization.hpp */ = {isa = PBXFileReference; fileEncoding = 4; lastKnownFileType = sourcecode.cpp.h; path = CinderSpecialization.hpp; sourceTree = "<group>"; };
		9C9E93931B8B57B600390404 /* Timeline.cpp */ = {isa = PBXFileReference; fileEncoding = 4; lastKnownFileType = sourcecode.cpp.cpp; path = Timeline.cpp; sourceTree = "<group>"; };
		9C9E93941B8B57B600390404 /* Timeline.h */ = {isa = PBXFileReference; fileEncoding = 4; lastKnownFileType = sourcecode.c.h; path = Timeline.h; sourceTree = "<group>"; };
		9C9E93951B8B57B600390404 /* TimelineItem.cpp */ = {isa = PBXFileReference; fileEncoding = 4; lastKnownFileType = sourcecode.cpp.cpp; path = TimelineItem.cpp; sourceTree = "<group>"; };
		9C9E93961B8B57B600390404 /* TimelineItem.h */ = {isa = PBXFileReference; fileEncoding = 4; lastKnownFileType = sourcecode.c.h; path = TimelineItem.h; sourceTree = "<group>"; };
		9C9E93971B8B57B600390404 /* TimelineOptions.hpp */ = {isa = PBXFileReference; fileEncoding = 4; lastKnownFileType = sourcecode.cpp.h; path = TimelineOptions.hpp; sourceTree = "<group>"; };
		9C9E93981B8B57B600390404 /* TimeType.h */ = {isa = PBXFileReference; fileEncoding = 4; lastKnownFileType = sourcecode.c.h; path = TimeType.h; sourceTree = "<group>"; };
		9C9E93A11B8B585000390404 /* MotionImplCoreMotion.h */ = {isa = PBXFileReference; fileEncoding = 4; lastKnownFileType = sourcecode.c.h; path = MotionImplCoreMotion.h; sourceTree = "<group>"; };
		9C9E93A21B8B585000390404 /* MotionImplCoreMotion.mm */ = {isa = PBXFileReference; fileEncoding = 4; lastKnownFileType = sourcecode.cpp.objcpp; path = MotionImplCoreMotion.mm; sourceTree = "<group>"; };
		9C9E93A31B8B585000390404 /* MotionManager.cpp */ = {isa = PBXFileReference; fileEncoding = 4; lastKnownFileType = sourcecode.cpp.cpp; path = MotionManager.cpp; sourceTree = "<group>"; };
		9C9E93A41B8B585000390404 /* MotionManager.h */ = {isa = PBXFileReference; fileEncoding = 4; lastKnownFileType = sourcecode.c.h; path = MotionManager.h; sourceTree = "<group>"; };
		9C9E93A81B8B59BE00390404 /* SharedTimeline.cpp */ = {isa = PBXFileReference; fileEncoding = 4; lastKnownFileType = sourcecode.cpp.cpp; name = SharedTimeline.cpp; path = ../src/SharedTimeline.cpp; sourceTree = "<group>"; };
		9C9E93A91B8B59BE00390404 /* SharedTimeline.h */ = {isa = PBXFileReference; fileEncoding = 4; lastKnownFileType = sourcecode.c.h; name = SharedTimeline.h; path = ../src/SharedTimeline.h; sourceTree = "<group>"; };
		9CCA5F731B87A5F2003E1BB5 /* Flash.cpp */ = {isa = PBXFileReference; fileEncoding = 4; lastKnownFileType = sourcecode.cpp.cpp; name = Flash.cpp; path = ../src/Flash.cpp; sourceTree = "<group>"; };
		9CCA5F741B87A5F2003E1BB5 /* Flash.h */ = {isa = PBXFileReference; fileEncoding = 4; lastKnownFileType = sourcecode.c.h; name = Flash.h; path = ../src/Flash.h; sourceTree = "<group>"; };
		9CCA5F761B87AA71003E1BB5 /* TapHandler.cpp */ = {isa = PBXFileReference; fileEncoding = 4; lastKnownFileType = sourcecode.cpp.cpp; name = TapHandler.cpp; path = ../src/TapHandler.cpp; sourceTree = "<group>"; };
		9CCA5F771B87AA71003E1BB5 /* TapHandler.h */ = {isa = PBXFileReference; fileEncoding = 4; lastKnownFileType = sourcecode.c.h; name = TapHandler.h; path = ../src/TapHandler.h; sourceTree = "<group>"; };
		C725E000121DAC8F00FA186B /* AVFoundation.framework */ = {isa = PBXFileReference; lastKnownFileType = wrapper.framework; name = AVFoundation.framework; path = System/Library/Frameworks/AVFoundation.framework; sourceTree = SDKROOT; };
		C727C02B121B400300192073 /* CoreMedia.framework */ = {isa = PBXFileReference; lastKnownFileType = wrapper.framework; name = CoreMedia.framework; path = System/Library/Frameworks/CoreMedia.framework; sourceTree = SDKROOT; };
		C727C02D121B400300192073 /* CoreVideo.framework */ = {isa = PBXFileReference; lastKnownFileType = wrapper.framework; name = CoreVideo.framework; path = System/Library/Frameworks/CoreVideo.framework; sourceTree = SDKROOT; };
		C7FB19D5124BC0D70045AFD2 /* AudioToolbox.framework */ = {isa = PBXFileReference; lastKnownFileType = wrapper.framework; name = AudioToolbox.framework; path = System/Library/Frameworks/AudioToolbox.framework; sourceTree = SDKROOT; };
		D0CF17335748453981962F59 /* SelfieSelfie_Prefix.pch */ = {isa = PBXFileReference; lastKnownFileType = "\"\""; path = SelfieSelfie_Prefix.pch; sourceTree = "<group>"; };
		DDDDDF6A1138442D0091DDDD /* MobileCoreServices.framework */ = {isa = PBXFileReference; lastKnownFileType = wrapper.framework; name = MobileCoreServices.framework; path = System/Library/Frameworks/MobileCoreServices.framework; sourceTree = SDKROOT; };
		DF7A1E02E14346888F86A1A3 /* SelfieSelfieApp.cpp */ = {isa = PBXFileReference; lastKnownFileType = sourcecode.c.cpp; name = SelfieSelfieApp.cpp; path = ../src/SelfieSelfieApp.cpp; sourceTree = "<group>"; };
		FD8682423C414F8B8221E74B /* Resources.h */ = {isa = PBXFileReference; lastKnownFileType = sourcecode.c.h; name = Resources.h; path = ../include/Resources.h; sourceTree = "<group>"; };
/* End PBXFileReference section */

/* Begin PBXFrameworksBuildPhase section */
		00692BCC14FF149000D0A05E /* Frameworks */ = {
			isa = PBXFrameworksBuildPhase;
			buildActionMask = 2147483647;
			files = (
				15A3248D1B21E8F0003D5C01 /* CoreMotion.framework in Frameworks */,
				C725E001121DAC8F00FA186B /* AVFoundation.framework in Frameworks */,
				C725DFFE121DAC7F00FA186B /* CoreMedia.framework in Frameworks */,
				C725E001121DAC8FFFFA18FF /* ImageIO.framework in Frameworks */,
				DDDDE001121DAC8FFFFADDDD /* MobileCoreServices.framework in Frameworks */,
				1D60589F0D05DD5A006BFB54 /* Foundation.framework in Frameworks */,
				1DF5F4E00D08C38300B7A737 /* UIKit.framework in Frameworks */,
				28FD15000DC6FC520079059D /* OpenGLES.framework in Frameworks */,
				28FD15080DC6FC5B0079059D /* QuartzCore.framework in Frameworks */,
				00CFDF6B1138442D0091E310 /* CoreGraphics.framework in Frameworks */,
				C727C02E121B400300192073 /* CoreVideo.framework in Frameworks */,
				C7FB19D6124BC0D70045AFD2 /* AudioToolbox.framework in Frameworks */,
				00A66A361965AC8800B17EB3 /* Accelerate.framework in Frameworks */,
				0087D25512CD809F002CD69F /* CoreText.framework in Frameworks */,
			);
			runOnlyForDeploymentPostprocessing = 0;
		};
/* End PBXFrameworksBuildPhase section */

/* Begin PBXGroup section */
		00692BC414FF149000D0A05E = {
			isa = PBXGroup;
			children = (
				99692BD914FF149000DFFFFF /* Blocks */,
				99692BD914FF149000D0A05F /* Headers */,
				00692BD914FF149000D0A05E /* Source */,
				00692BD914FF149000D0FFFF /* Resources */,
				00692BD214FF149000D0A05E /* Frameworks */,
				00692BD014FF149000D0A05E /* Products */,
			);
			sourceTree = "<group>";
		};
		00692BD014FF149000D0A05E /* Products */ = {
			isa = PBXGroup;
			children = (
				00692BCF14FF149000D0A05E /* SelfieSelfie.app */,
			);
			name = Products;
			sourceTree = "<group>";
		};
		00692BD214FF149000D0A05E /* Frameworks */ = {
			isa = PBXGroup;
			children = (
				15A3248C1B21E8F0003D5C01 /* CoreMotion.framework */,
				C7FB19D5124BC0D70045AFD2 /* AudioToolbox.framework */,
				00A66A351965AC8800B17EB3 /* Accelerate.framework */,
				C727C02B121B400300192073 /* CoreMedia.framework */,
				C727C02D121B400300192073 /* CoreVideo.framework */,
				28FD15070DC6FC5B0079059D /* QuartzCore.framework */,
				28FD14FF0DC6FC520079059D /* OpenGLES.framework */,
				1DF5F4DF0D08C38300B7A737 /* UIKit.framework */,
				1D30AB110D05D00D00671497 /* Foundation.framework */,
				00CFDF6A1138442D0091E310 /* CoreGraphics.framework */,
				00CFDF6A1138442D0091FFFF /* ImageIO.framework */,
				DDDDDF6A1138442D0091DDDD /* MobileCoreServices.framework */,
				C725E000121DAC8F00FA186B /* AVFoundation.framework */,
				0087D25412CD809F002CD69F /* CoreText.framework */,
			);
			name = Frameworks;
			sourceTree = "<group>";
		};
		00692BD914FF149000D0A05E /* Source */ = {
			isa = PBXGroup;
			children = (
				15BC10B01B222953005512DE /* LandscapeGeometry.h */,
				15BC10B11B222953005512DE /* LandscapeGeometry.cpp */,
				15C5E7511B1F6661006DDD4C /* Constants.h */,
				15C5E7521B1F6661006DDD4C /* Landscape.h */,
				15C5E7541B1F6661006DDD4C /* Landscape.cpp */,
				15C5E74E1B1F4ABE006DDD4C /* GridTexture.h */,
				15C5E74F1B1F4ABE006DDD4C /* GridTexture.cpp */,
				DF7A1E02E14346888F86A1A3 /* SelfieSelfieApp.cpp */,
				9C4355461B274F0700F5FECF /* IntroSequence.cpp */,
				9C4355471B274F0700F5FECF /* IntroSequence.h */,
				9C63E5BD1B28BA25003617E1 /* AboutPage.cpp */,
				9C63E5BE1B28BA25003617E1 /* AboutPage.h */,
				9C63E5C01B28C097003617E1 /* Image.cpp */,
				9C63E5C11B28C097003617E1 /* Image.h */,
				9C63E5C31B28CEB9003617E1 /* TouchArea.cpp */,
				9C63E5C41B28CEB9003617E1 /* TouchArea.h */,
				9C2C99F51B726B7800AC9EEB /* SelfieExperience.cpp */,
				9C2C99F61B726B7800AC9EEB /* SelfieExperience.h */,
				9CCA5F731B87A5F2003E1BB5 /* Flash.cpp */,
				9CCA5F741B87A5F2003E1BB5 /* Flash.h */,
				9CCA5F761B87AA71003E1BB5 /* TapHandler.cpp */,
				9CCA5F771B87AA71003E1BB5 /* TapHandler.h */,
				9C9E93A81B8B59BE00390404 /* SharedTimeline.cpp */,
				9C9E93A91B8B59BE00390404 /* SharedTimeline.h */,
			);
			name = Source;
			sourceTree = "<group>";
		};
		00692BD914FF149000D0FFFF /* Resources */ = {
			isa = PBXGroup;
			children = (
				9C3EEFB61B8B8A77001FEC7F /* Images.xcassets */,
				00748057165D41390024B57A /* assets */,
				9B76AEAECC3E42FF8F471BE3 /* CinderApp_ios.png */,
				596B3B8B6EB34FEB964C6A3E /* Images.xcassets */,
				116D4117D7BB4DF187954F09 /* Info.plist */,
			);
			name = Resources;
			sourceTree = "<group>";
		};
		15A3248E1B21E90A003D5C01 /* MotionManager */ = {
			isa = PBXGroup;
			children = (
				9C9E939D1B8B585000390404 /* src */,
			);
			name = MotionManager;
			sourceTree = "<group>";
		};
		99692BD914FF149000D0A05F /* Headers */ = {
			isa = PBXGroup;
			children = (
				FD8682423C414F8B8221E74B /* Resources.h */,
				D0CF17335748453981962F59 /* SelfieSelfie_Prefix.pch */,
			);
			name = Headers;
			sourceTree = "<group>";
		};
		99692BD914FF149000DFFFFF /* Blocks */ = {
			isa = PBXGroup;
			children = (
				9C9E937A1B8B57AE00390404 /* Choreograph */,
				15A3248E1B21E90A003D5C01 /* MotionManager */,
			);
			name = Blocks;
			sourceTree = "<group>";
		};
		9C9E937A1B8B57AE00390404 /* Choreograph */ = {
			isa = PBXGroup;
			children = (
				9C9E937B1B8B57B600390404 /* src */,
			);
			name = Choreograph;
			sourceTree = "<group>";
		};
		9C9E937B1B8B57B600390404 /* src */ = {
			isa = PBXGroup;
			children = (
				9C9E937C1B8B57B600390404 /* choreograph */,
			);
			name = src;
			path = ../../lib/Choreograph/src;
			sourceTree = "<group>";
		};
		9C9E937C1B8B57B600390404 /* choreograph */ = {
			isa = PBXGroup;
			children = (
				9C9E937D1B8B57B600390404 /* Choreograph.h */,
				9C9E937E1B8B57B600390404 /* Cue.cpp */,
				9C9E937F1B8B57B600390404 /* Cue.h */,
				9C9E93801B8B57B600390404 /* detail */,
				9C9E93831B8B57B600390404 /* Easing.h */,
				9C9E93841B8B57B600390404 /* Motion.hpp */,
				9C9E93851B8B57B600390404 /* MotionGroup.cpp */,
				9C9E93861B8B57B600390404 /* MotionGroup.h */,
				9C9E93871B8B57B600390404 /* Output.hpp */,
				9C9E93881B8B57B600390404 /* phrase */,
				9C9E938F1B8B57B600390404 /* Phrase.hpp */,
				9C9E93901B8B57B600390404 /* Sequence.hpp */,
				9C9E93911B8B57B600390404 /* specialization */,
				9C9E93931B8B57B600390404 /* Timeline.cpp */,
				9C9E93941B8B57B600390404 /* Timeline.h */,
				9C9E93951B8B57B600390404 /* TimelineItem.cpp */,
				9C9E93961B8B57B600390404 /* TimelineItem.h */,
				9C9E93971B8B57B600390404 /* TimelineOptions.hpp */,
				9C9E93981B8B57B600390404 /* TimeType.h */,
			);
			path = choreograph;
			sourceTree = "<group>";
		};
		9C9E93801B8B57B600390404 /* detail */ = {
			isa = PBXGroup;
			children = (
				9C9E93811B8B57B600390404 /* MakeUnique.hpp */,
				9C9E93821B8B57B600390404 /* VectorManipulation.hpp */,
			);
			path = detail;
			sourceTree = "<group>";
		};
		9C9E93881B8B57B600390404 /* phrase */ = {
			isa = PBXGroup;
			children = (
				9C9E93891B8B57B600390404 /* Combine.hpp */,
				9C9E938A1B8B57B600390404 /* Hold.hpp */,
				9C9E938B1B8B57B600390404 /* Procedural.hpp */,
				9C9E938C1B8B57B600390404 /* Ramp.hpp */,
				9C9E938D1B8B57B600390404 /* Retime.hpp */,
				9C9E938E1B8B57B600390404 /* Sugar.hpp */,
			);
			path = phrase;
			sourceTree = "<group>";
		};
		9C9E93911B8B57B600390404 /* specialization */ = {
			isa = PBXGroup;
			children = (
				9C9E93921B8B57B600390404 /* CinderSpecialization.hpp */,
			);
			path = specialization;
			sourceTree = "<group>";
		};
		9C9E939D1B8B585000390404 /* src */ = {
			isa = PBXGroup;
			children = (
				9C9E939E1B8B585000390404 /* cinder */,
			);
			name = src;
			path = "../../lib/Cinder-Android/blocks/MotionManager/src";
			sourceTree = "<group>";
		};
		9C9E939E1B8B585000390404 /* cinder */ = {
			isa = PBXGroup;
			children = (
				9C9E93A11B8B585000390404 /* MotionImplCoreMotion.h */,
				9C9E93A21B8B585000390404 /* MotionImplCoreMotion.mm */,
				9C9E93A31B8B585000390404 /* MotionManager.cpp */,
				9C9E93A41B8B585000390404 /* MotionManager.h */,
			);
			path = cinder;
			sourceTree = "<group>";
		};
/* End PBXGroup section */

/* Begin PBXNativeTarget section */
		00692BCE14FF149000D0A05E /* SelfieSelfie */ = {
			isa = PBXNativeTarget;
			buildConfigurationList = 00692BF514FF149000D0A05E /* Build configuration list for PBXNativeTarget "SelfieSelfie" */;
			buildPhases = (
				00692BCB14FF149000D0A05E /* Sources */,
				00692BCC14FF149000D0A05E /* Frameworks */,
				00692BCD14FF149000D0A05E /* Resources */,
			);
			buildRules = (
			);
			dependencies = (
			);
			name = SelfieSelfie;
			productName = SelfieSelfie;
			productReference = 00692BCF14FF149000D0A05E /* SelfieSelfie.app */;
			productType = "com.apple.product-type.application";
		};
/* End PBXNativeTarget section */

/* Begin PBXProject section */
		00692BC614FF149000D0A05E /* Project object */ = {
			isa = PBXProject;
			attributes = {
				LastUpgradeCheck = 0710;
				TargetAttributes = {
					00692BCE14FF149000D0A05E = {
						DevelopmentTeam = DATFA672RV;
					};
				};
			};
			buildConfigurationList = 00692BC914FF149000D0A05E /* Build configuration list for PBXProject "SelfieSelfie" */;
			compatibilityVersion = "Xcode 3.2";
			developmentRegion = English;
			hasScannedForEncodings = 0;
			knownRegions = (
				en,
			);
			mainGroup = 00692BC414FF149000D0A05E;
			productRefGroup = 00692BD014FF149000D0A05E /* Products */;
			projectDirPath = "";
			projectRoot = "";
			targets = (
				00692BCE14FF149000D0A05E /* SelfieSelfie */,
			);
		};
/* End PBXProject section */

/* Begin PBXResourcesBuildPhase section */
		00692BCD14FF149000D0A05E /* Resources */ = {
			isa = PBXResourcesBuildPhase;
			buildActionMask = 2147483647;
			files = (
				00748058165D41390024B57A /* assets in Resources */,
				9C3EEFB71B8B8A77001FEC7F /* Images.xcassets in Resources */,
				39466A7302D74F5AA4370328 /* CinderApp_ios.png in Resources */,
				5A08A047CCFD4076AC741865 /* Images.xcassets in Resources */,
			);
			runOnlyForDeploymentPostprocessing = 0;
		};
/* End PBXResourcesBuildPhase section */

/* Begin PBXSourcesBuildPhase section */
		00692BCB14FF149000D0A05E /* Sources */ = {
			isa = PBXSourcesBuildPhase;
			buildActionMask = 2147483647;
			files = (
				15BC10B21B222953005512DE /* LandscapeGeometry.cpp in Sources */,
				9C2C99F71B726B7800AC9EEB /* SelfieExperience.cpp in Sources */,
				15C5E7561B1F6661006DDD4C /* Landscape.cpp in Sources */,
				9C9E93991B8B57B600390404 /* Cue.cpp in Sources */,
				9C9E939B1B8B57B600390404 /* Timeline.cpp in Sources */,
				D46A70E835B24A7CA21E9B83 /* SelfieSelfieApp.cpp in Sources */,
				15C5E7501B1F4ABE006DDD4C /* GridTexture.cpp in Sources */,
				9C63E5C21B28C097003617E1 /* Image.cpp in Sources */,
				9C63E5BF1B28BA25003617E1 /* AboutPage.cpp in Sources */,
				9C9E939C1B8B57B600390404 /* TimelineItem.cpp in Sources */,
				9C4355481B274F0700F5FECF /* IntroSequence.cpp in Sources */,
				9C9E93AA1B8B59BE00390404 /* SharedTimeline.cpp in Sources */,
				9C9E939A1B8B57B600390404 /* MotionGroup.cpp in Sources */,
				9CCA5F781B87AA71003E1BB5 /* TapHandler.cpp in Sources */,
				9C9E93A71B8B585000390404 /* MotionManager.cpp in Sources */,
				9CCA5F751B87A5F2003E1BB5 /* Flash.cpp in Sources */,
				9C63E5C51B28CEB9003617E1 /* TouchArea.cpp in Sources */,
				9C9E93A61B8B585000390404 /* MotionImplCoreMotion.mm in Sources */,
			);
			runOnlyForDeploymentPostprocessing = 0;
		};
/* End PBXSourcesBuildPhase section */

/* Begin XCBuildConfiguration section */
		00692BF314FF149000D0A05E /* Debug */ = {
			isa = XCBuildConfiguration;
			buildSettings = {
				ALWAYS_SEARCH_USER_PATHS = NO;
				ASSETCATALOG_COMPILER_LAUNCHIMAGE_NAME = LaunchImage;
				CINDER_PATH = "../../lib/Cinder-Android";
				CLANG_CXX_LANGUAGE_STANDARD = "c++14";
				CLANG_CXX_LIBRARY = "libc++";
				CLANG_WARN_BOOL_CONVERSION = YES;
				CLANG_WARN_CONSTANT_CONVERSION = YES;
				CLANG_WARN_EMPTY_BODY = YES;
				CLANG_WARN_ENUM_CONVERSION = YES;
				CLANG_WARN_INT_CONVERSION = YES;
				CLANG_WARN_UNREACHABLE_CODE = YES;
				CLANG_WARN__DUPLICATE_METHOD_MATCH = YES;
				"CODE_SIGN_IDENTITY[sdk=iphoneos*]" = "iPhone Developer";
				COPY_PHASE_STRIP = NO;
				DEAD_CODE_STRIPPING = YES;
				ENABLE_STRICT_OBJC_MSGSEND = YES;
				ENABLE_TESTABILITY = YES;
				GCC_C_LANGUAGE_STANDARD = gnu99;
				GCC_DYNAMIC_NO_PIC = NO;
				GCC_NO_COMMON_BLOCKS = YES;
				GCC_OPTIMIZATION_LEVEL = 0;
				GCC_PREPROCESSOR_DEFINITIONS = (
					"DEBUG=1",
					"$(inherited)",
				);
				GCC_SYMBOLS_PRIVATE_EXTERN = NO;
				GCC_VERSION = com.apple.compilers.llvm.clang.1_0;
				GCC_WARN_64_TO_32_BIT_CONVERSION = YES;
				GCC_WARN_ABOUT_MISSING_PROTOTYPES = YES;
				GCC_WARN_ABOUT_RETURN_TYPE = YES;
				GCC_WARN_UNDECLARED_SELECTOR = YES;
				GCC_WARN_UNINITIALIZED_AUTOS = YES;
				GCC_WARN_UNUSED_FUNCTION = YES;
				GCC_WARN_UNUSED_VARIABLE = YES;
				HEADER_SEARCH_PATHS = "\"$(CINDER_PATH)/include\"";
				IPHONEOS_DEPLOYMENT_TARGET = 6.0;
				ONLY_ACTIVE_ARCH = YES;
				SDKROOT = iphoneos;
				TARGETED_DEVICE_FAMILY = "1,2";
				USER_HEADER_SEARCH_PATHS = "\"$(CINDER_PATH)/include\" \"$(CINDER_PATH)/blocks/MotionManager/src\" ../include \"$(CINDER_PATH)/../Choreograph/src\"";
			};
			name = Debug;
		};
		00692BF414FF149000D0A05E /* Release */ = {
			isa = XCBuildConfiguration;
			buildSettings = {
				ALWAYS_SEARCH_USER_PATHS = NO;
				ASSETCATALOG_COMPILER_LAUNCHIMAGE_NAME = LaunchImage;
				CINDER_PATH = "../../lib/Cinder-Android";
				CLANG_CXX_LANGUAGE_STANDARD = "c++14";
				CLANG_CXX_LIBRARY = "libc++";
				CLANG_WARN_BOOL_CONVERSION = YES;
				CLANG_WARN_CONSTANT_CONVERSION = YES;
				CLANG_WARN_EMPTY_BODY = YES;
				CLANG_WARN_ENUM_CONVERSION = YES;
				CLANG_WARN_INT_CONVERSION = YES;
				CLANG_WARN_UNREACHABLE_CODE = YES;
				CLANG_WARN__DUPLICATE_METHOD_MATCH = YES;
				"CODE_SIGN_IDENTITY[sdk=iphoneos*]" = "iPhone Developer";
				COPY_PHASE_STRIP = YES;
				DEAD_CODE_STRIPPING = YES;
				ENABLE_STRICT_OBJC_MSGSEND = YES;
				GCC_C_LANGUAGE_STANDARD = gnu99;
				GCC_NO_COMMON_BLOCKS = YES;
				GCC_PREPROCESSOR_DEFINITIONS = (
					"NDEBUG=1",
					"$(inherited)",
				);
				GCC_VERSION = com.apple.compilers.llvm.clang.1_0;
				GCC_WARN_64_TO_32_BIT_CONVERSION = YES;
				GCC_WARN_ABOUT_MISSING_PROTOTYPES = YES;
				GCC_WARN_ABOUT_RETURN_TYPE = YES;
				GCC_WARN_UNDECLARED_SELECTOR = YES;
				GCC_WARN_UNINITIALIZED_AUTOS = YES;
				GCC_WARN_UNUSED_FUNCTION = YES;
				GCC_WARN_UNUSED_VARIABLE = YES;
				HEADER_SEARCH_PATHS = "\"$(CINDER_PATH)/include\"";
				IPHONEOS_DEPLOYMENT_TARGET = 6.0;
				OTHER_CFLAGS = "-DNS_BLOCK_ASSERTIONS=1";
				SDKROOT = iphoneos;
				TARGETED_DEVICE_FAMILY = "1,2";
				USER_HEADER_SEARCH_PATHS = "\"$(CINDER_PATH)/include\" \"$(CINDER_PATH)/blocks/MotionManager/src\" ../include \"$(CINDER_PATH)/../Choreograph/src\"";
				VALIDATE_PRODUCT = YES;
			};
			name = Release;
		};
		00692BF614FF149000D0A05E /* Debug */ = {
			isa = XCBuildConfiguration;
			buildSettings = {
				ASSETCATALOG_COMPILER_APPICON_NAME = AppIcon;
				CINDER_PATH = ../../lib/Cinder;
				CODE_SIGN_IDENTITY = "iPhone Developer";
				ENABLE_BITCODE = NO;
				GCC_PRECOMPILE_PREFIX_HEADER = YES;
				GCC_PREFIX_HEADER = SelfieSelfie_Prefix.pch;
				HEADER_SEARCH_PATHS = "\"$(CINDER_PATH)/include\"";
				INFOPLIST_FILE = Info.plist;
				"OTHER_LDFLAGS[sdk=iphoneos*][arch=*]" = (
					"\"$(CINDER_PATH)/lib/libcinder-iphone_d.a\"",
					"-lz",
				);
				"OTHER_LDFLAGS[sdk=iphonesimulator*][arch=*]" = (
					"\"$(CINDER_PATH)/lib/libcinder-iphone-sim_d.a\"",
					"-lz",
				);
				PRODUCT_BUNDLE_IDENTIFIER = com.sosolimited.selfieselfie;
				PRODUCT_NAME = "$(TARGET_NAME)";
				WRAPPER_EXTENSION = app;
			};
			name = Debug;
		};
		00692BF714FF149000D0A05E /* Release */ = {
			isa = XCBuildConfiguration;
			buildSettings = {
				ASSETCATALOG_COMPILER_APPICON_NAME = AppIcon;
				CINDER_PATH = ../../lib/Cinder;
				CODE_SIGN_IDENTITY = "iPhone Developer";
				ENABLE_BITCODE = NO;
				GCC_PRECOMPILE_PREFIX_HEADER = YES;
				GCC_PREFIX_HEADER = SelfieSelfie_Prefix.pch;
				HEADER_SEARCH_PATHS = "\"$(CINDER_PATH)/include\"";
				INFOPLIST_FILE = Info.plist;
				"OTHER_LDFLAGS[sdk=iphoneos*][arch=*]" = (
					"\"$(CINDER_PATH)/lib/libcinder-iphone.a\"",
					"-lz",
				);
				"OTHER_LDFLAGS[sdk=iphonesimulator*][arch=*]" = (
					"\"$(CINDER_PATH)/lib/libcinder-iphone-sim.a\"",
					"-lz",
				);
				PRODUCT_BUNDLE_IDENTIFIER = com.sosolimited.selfieselfie;
				PRODUCT_NAME = "$(TARGET_NAME)";
				WRAPPER_EXTENSION = app;
			};
			name = Release;
		};
/* End XCBuildConfiguration section */

/* Begin XCConfigurationList section */
		00692BC914FF149000D0A05E /* Build configuration list for PBXProject "SelfieSelfie" */ = {
			isa = XCConfigurationList;
			buildConfigurations = (
				00692BF314FF149000D0A05E /* Debug */,
				00692BF414FF149000D0A05E /* Release */,
			);
			defaultConfigurationIsVisible = 0;
			defaultConfigurationName = Release;
		};
		00692BF514FF149000D0A05E /* Build configuration list for PBXNativeTarget "SelfieSelfie" */ = {
			isa = XCConfigurationList;
			buildConfigurations = (
				00692BF614FF149000D0A05E /* Debug */,
				00692BF714FF149000D0A05E /* Release */,
			);
			defaultConfigurationIsVisible = 0;
			defaultConfigurationName = Release;
		};
/* End XCConfigurationList section */
	};
	rootObject = 00692BC614FF149000D0A05E /* Project object */;
}
